// !$*UTF8*$!
{
	archiveVersion = 1;
	classes = {
	};
	objectVersion = 46;
	objects = {

/* Begin PBXBuildFile section */
		271B996D1E4E66D90078D854 /* AppDelegate.swift in Sources */ = {isa = PBXBuildFile; fileRef = 271B996C1E4E66D90078D854 /* AppDelegate.swift */; };
		271B99741E4E66D90078D854 /* Assets.xcassets in Resources */ = {isa = PBXBuildFile; fileRef = 271B99731E4E66D90078D854 /* Assets.xcassets */; };
		271B99771E4E66D90078D854 /* LaunchScreen.storyboard in Resources */ = {isa = PBXBuildFile; fileRef = 271B99751E4E66D90078D854 /* LaunchScreen.storyboard */; };
		271B99831E4FB6450078D854 /* RootWireframe.swift in Sources */ = {isa = PBXBuildFile; fileRef = 271B99821E4FB6450078D854 /* RootWireframe.swift */; };
		271B99851E4FB70F0078D854 /* WeatherScreenInteractor.swift in Sources */ = {isa = PBXBuildFile; fileRef = 271B99841E4FB70F0078D854 /* WeatherScreenInteractor.swift */; };
		271B99871E4FB7290078D854 /* WeatherScreenBuilder.swift in Sources */ = {isa = PBXBuildFile; fileRef = 271B99861E4FB7290078D854 /* WeatherScreenBuilder.swift */; };
		271B99891E4FB77A0078D854 /* WeatherScreenProtocols.swift in Sources */ = {isa = PBXBuildFile; fileRef = 271B99881E4FB77A0078D854 /* WeatherScreenProtocols.swift */; };
		271B998D1E4FBBBE0078D854 /* WorkDispatchService.swift in Sources */ = {isa = PBXBuildFile; fileRef = 271B998C1E4FBBBE0078D854 /* WorkDispatchService.swift */; };
		271B998F1E4FBD590078D854 /* WeatherScreenWireframe.swift in Sources */ = {isa = PBXBuildFile; fileRef = 271B998E1E4FBD590078D854 /* WeatherScreenWireframe.swift */; };
		271B99911E4FBD7A0078D854 /* WeatherScreenPresenter.swift in Sources */ = {isa = PBXBuildFile; fileRef = 271B99901E4FBD7A0078D854 /* WeatherScreenPresenter.swift */; };
		271B99931E4FBD900078D854 /* WeatherScreenViewController.swift in Sources */ = {isa = PBXBuildFile; fileRef = 271B99921E4FBD900078D854 /* WeatherScreenViewController.swift */; };
		271B99961E4FC72A0078D854 /* UIView+constraintHelpers.swift in Sources */ = {isa = PBXBuildFile; fileRef = 271B99951E4FC72A0078D854 /* UIView+constraintHelpers.swift */; };
		278EC3BE1E508A8C00C8BF45 /* WeatherScreenDispatcher.swift in Sources */ = {isa = PBXBuildFile; fileRef = 278EC3BD1E508A8C00C8BF45 /* WeatherScreenDispatcher.swift */; };
		278EC3C01E508E0D00C8BF45 /* WeatherScreenResponseModel.swift in Sources */ = {isa = PBXBuildFile; fileRef = 278EC3BF1E508E0D00C8BF45 /* WeatherScreenResponseModel.swift */; };
		278EC3C41E508F7600C8BF45 /* WeatherScreenViewModel.swift in Sources */ = {isa = PBXBuildFile; fileRef = 278EC3C31E508F7600C8BF45 /* WeatherScreenViewModel.swift */; };
		278EC3C61E508F9A00C8BF45 /* WeatherScreenViewModelBuilder.swift in Sources */ = {isa = PBXBuildFile; fileRef = 278EC3C51E508F9A00C8BF45 /* WeatherScreenViewModelBuilder.swift */; };
		278EC3C81E509A8300C8BF45 /* WeatherAPIService.swift in Sources */ = {isa = PBXBuildFile; fileRef = 278EC3C71E509A8300C8BF45 /* WeatherAPIService.swift */; };
		278EC3CA1E50B32600C8BF45 /* WeatherScreenResponseModelBuilder.swift in Sources */ = {isa = PBXBuildFile; fileRef = 278EC3C91E50B32600C8BF45 /* WeatherScreenResponseModelBuilder.swift */; };
		278EC3CD1E50CB0100C8BF45 /* ErrorShowable.swift in Sources */ = {isa = PBXBuildFile; fileRef = 278EC3CC1E50CB0100C8BF45 /* ErrorShowable.swift */; };
/* End PBXBuildFile section */

/* Begin PBXFileReference section */
		271B99691E4E66D90078D854 /* WeatherApp.app */ = {isa = PBXFileReference; explicitFileType = wrapper.application; includeInIndex = 0; path = WeatherApp.app; sourceTree = BUILT_PRODUCTS_DIR; };
		271B996C1E4E66D90078D854 /* AppDelegate.swift */ = {isa = PBXFileReference; lastKnownFileType = sourcecode.swift; path = AppDelegate.swift; sourceTree = "<group>"; };
		271B99731E4E66D90078D854 /* Assets.xcassets */ = {isa = PBXFileReference; lastKnownFileType = folder.assetcatalog; path = Assets.xcassets; sourceTree = "<group>"; };
		271B99761E4E66D90078D854 /* Base */ = {isa = PBXFileReference; lastKnownFileType = file.storyboard; name = Base; path = Base.lproj/LaunchScreen.storyboard; sourceTree = "<group>"; };
		271B99781E4E66D90078D854 /* Info.plist */ = {isa = PBXFileReference; lastKnownFileType = text.plist.xml; path = Info.plist; sourceTree = "<group>"; };
		271B99821E4FB6450078D854 /* RootWireframe.swift */ = {isa = PBXFileReference; fileEncoding = 4; lastKnownFileType = sourcecode.swift; path = RootWireframe.swift; sourceTree = "<group>"; };
		271B99841E4FB70F0078D854 /* WeatherScreenInteractor.swift */ = {isa = PBXFileReference; fileEncoding = 4; lastKnownFileType = sourcecode.swift; name = WeatherScreenInteractor.swift; path = Screens/WeatherScreen/Logic/WeatherScreenInteractor.swift; sourceTree = "<group>"; };
		271B99861E4FB7290078D854 /* WeatherScreenBuilder.swift */ = {isa = PBXFileReference; fileEncoding = 4; lastKnownFileType = sourcecode.swift; name = WeatherScreenBuilder.swift; path = Screens/WeatherScreen/WeatherScreenBuilder.swift; sourceTree = "<group>"; };
		271B99881E4FB77A0078D854 /* WeatherScreenProtocols.swift */ = {isa = PBXFileReference; fileEncoding = 4; lastKnownFileType = sourcecode.swift; name = WeatherScreenProtocols.swift; path = Screens/WeatherScreen/WeatherScreenProtocols.swift; sourceTree = "<group>"; };
		271B998C1E4FBBBE0078D854 /* WorkDispatchService.swift */ = {isa = PBXFileReference; fileEncoding = 4; lastKnownFileType = sourcecode.swift; name = WorkDispatchService.swift; path = Services/WorkDispatchService.swift; sourceTree = "<group>"; };
		271B998E1E4FBD590078D854 /* WeatherScreenWireframe.swift */ = {isa = PBXFileReference; fileEncoding = 4; lastKnownFileType = sourcecode.swift; name = WeatherScreenWireframe.swift; path = Screens/WeatherScreen/UI/WeatherScreenWireframe.swift; sourceTree = "<group>"; };
		271B99901E4FBD7A0078D854 /* WeatherScreenPresenter.swift */ = {isa = PBXFileReference; fileEncoding = 4; lastKnownFileType = sourcecode.swift; name = WeatherScreenPresenter.swift; path = Screens/WeatherScreen/UI/WeatherScreenPresenter.swift; sourceTree = "<group>"; };
		271B99921E4FBD900078D854 /* WeatherScreenViewController.swift */ = {isa = PBXFileReference; fileEncoding = 4; lastKnownFileType = sourcecode.swift; name = WeatherScreenViewController.swift; path = Screens/WeatherScreen/UI/WeatherScreenViewController.swift; sourceTree = "<group>"; };
		271B99951E4FC72A0078D854 /* UIView+constraintHelpers.swift */ = {isa = PBXFileReference; fileEncoding = 4; lastKnownFileType = sourcecode.swift; name = "UIView+constraintHelpers.swift"; path = "Helpers/UIView+constraintHelpers.swift"; sourceTree = "<group>"; };
		278EC3BD1E508A8C00C8BF45 /* WeatherScreenDispatcher.swift */ = {isa = PBXFileReference; fileEncoding = 4; lastKnownFileType = sourcecode.swift; name = WeatherScreenDispatcher.swift; path = Screens/WeatherScreen/WeatherScreenDispatcher.swift; sourceTree = "<group>"; };
		278EC3BF1E508E0D00C8BF45 /* WeatherScreenResponseModel.swift */ = {isa = PBXFileReference; fileEncoding = 4; lastKnownFileType = sourcecode.swift; name = WeatherScreenResponseModel.swift; path = Screens/WeatherScreen/Logic/Models/WeatherScreenResponseModel.swift; sourceTree = "<group>"; };
		278EC3C31E508F7600C8BF45 /* WeatherScreenViewModel.swift */ = {isa = PBXFileReference; fileEncoding = 4; lastKnownFileType = sourcecode.swift; name = WeatherScreenViewModel.swift; path = Screens/WeatherScreen/UI/Models/WeatherScreenViewModel.swift; sourceTree = "<group>"; };
		278EC3C51E508F9A00C8BF45 /* WeatherScreenViewModelBuilder.swift */ = {isa = PBXFileReference; fileEncoding = 4; lastKnownFileType = sourcecode.swift; name = WeatherScreenViewModelBuilder.swift; path = Screens/WeatherScreen/UI/Models/WeatherScreenViewModelBuilder.swift; sourceTree = "<group>"; };
		278EC3C71E509A8300C8BF45 /* WeatherAPIService.swift */ = {isa = PBXFileReference; fileEncoding = 4; lastKnownFileType = sourcecode.swift; name = WeatherAPIService.swift; path = Services/WeatherAPIService.swift; sourceTree = "<group>"; };
		278EC3C91E50B32600C8BF45 /* WeatherScreenResponseModelBuilder.swift */ = {isa = PBXFileReference; fileEncoding = 4; lastKnownFileType = sourcecode.swift; name = WeatherScreenResponseModelBuilder.swift; path = Screens/WeatherScreen/Logic/Models/WeatherScreenResponseModelBuilder.swift; sourceTree = "<group>"; };
		278EC3CC1E50CB0100C8BF45 /* ErrorShowable.swift */ = {isa = PBXFileReference; fileEncoding = 4; lastKnownFileType = sourcecode.swift; name = ErrorShowable.swift; path = "General Protocols/ErrorShowable.swift"; sourceTree = "<group>"; };
/* End PBXFileReference section */

/* Begin PBXFrameworksBuildPhase section */
		271B99661E4E66D90078D854 /* Frameworks */ = {
			isa = PBXFrameworksBuildPhase;
			buildActionMask = 2147483647;
			files = (
			);
			runOnlyForDeploymentPostprocessing = 0;
		};
/* End PBXFrameworksBuildPhase section */

/* Begin PBXGroup section */
		271B99601E4E66D90078D854 = {
			isa = PBXGroup;
			children = (
				271B996B1E4E66D90078D854 /* WeatherApp */,
				271B996A1E4E66D90078D854 /* Products */,
			);
			sourceTree = "<group>";
		};
		271B996A1E4E66D90078D854 /* Products */ = {
			isa = PBXGroup;
			children = (
				271B99691E4E66D90078D854 /* WeatherApp.app */,
			);
			name = Products;
			sourceTree = "<group>";
		};
		271B996B1E4E66D90078D854 /* WeatherApp */ = {
			isa = PBXGroup;
			children = (
				271B996C1E4E66D90078D854 /* AppDelegate.swift */,
				271B99821E4FB6450078D854 /* RootWireframe.swift */,
				278EC3CB1E50CAE000C8BF45 /* General Protocols */,
				271B99941E4FC7030078D854 /* Helpers */,
				271B998B1E4FBB8B0078D854 /* Services */,
				271B998A1E4FBB450078D854 /* Screens */,
				271B997F1E4FB5F00078D854 /* Supporting Files */,
			);
			path = WeatherApp;
			sourceTree = "<group>";
		};
		271B997E1E4FB5B90078D854 /* WeatherScreen */ = {
			isa = PBXGroup;
			children = (
				271B99861E4FB7290078D854 /* WeatherScreenBuilder.swift */,
				271B99881E4FB77A0078D854 /* WeatherScreenProtocols.swift */,
				278EC3BD1E508A8C00C8BF45 /* WeatherScreenDispatcher.swift */,
				271B99801E4FB6000078D854 /* Logic */,
				271B99811E4FB60A0078D854 /* UI */,
			);
			name = WeatherScreen;
			sourceTree = "<group>";
		};
		271B997F1E4FB5F00078D854 /* Supporting Files */ = {
			isa = PBXGroup;
			children = (
				271B99731E4E66D90078D854 /* Assets.xcassets */,
				271B99751E4E66D90078D854 /* LaunchScreen.storyboard */,
				271B99781E4E66D90078D854 /* Info.plist */,
			);
			name = "Supporting Files";
			sourceTree = "<group>";
		};
		271B99801E4FB6000078D854 /* Logic */ = {
			isa = PBXGroup;
			children = (
				271B99841E4FB70F0078D854 /* WeatherScreenInteractor.swift */,
				278EC3C21E508F4600C8BF45 /* Models */,
			);
			name = Logic;
			sourceTree = "<group>";
		};
		271B99811E4FB60A0078D854 /* UI */ = {
			isa = PBXGroup;
			children = (
				271B998E1E4FBD590078D854 /* WeatherScreenWireframe.swift */,
				271B99901E4FBD7A0078D854 /* WeatherScreenPresenter.swift */,
				271B99921E4FBD900078D854 /* WeatherScreenViewController.swift */,
				278EC3C11E508F3800C8BF45 /* Models */,
			);
			name = UI;
			sourceTree = "<group>";
		};
		271B998A1E4FBB450078D854 /* Screens */ = {
			isa = PBXGroup;
			children = (
				271B997E1E4FB5B90078D854 /* WeatherScreen */,
			);
			name = Screens;
			sourceTree = "<group>";
		};
		271B998B1E4FBB8B0078D854 /* Services */ = {
			isa = PBXGroup;
			children = (
				271B998C1E4FBBBE0078D854 /* WorkDispatchService.swift */,
				278EC3C71E509A8300C8BF45 /* WeatherAPIService.swift */,
			);
			name = Services;
			sourceTree = "<group>";
		};
		271B99941E4FC7030078D854 /* Helpers */ = {
			isa = PBXGroup;
			children = (
				271B99951E4FC72A0078D854 /* UIView+constraintHelpers.swift */,
			);
			name = Helpers;
			sourceTree = "<group>";
		};
		278EC3C11E508F3800C8BF45 /* Models */ = {
			isa = PBXGroup;
			children = (
				278EC3C51E508F9A00C8BF45 /* WeatherScreenViewModelBuilder.swift */,
				278EC3C31E508F7600C8BF45 /* WeatherScreenViewModel.swift */,
			);
			name = Models;
			sourceTree = "<group>";
		};
		278EC3C21E508F4600C8BF45 /* Models */ = {
			isa = PBXGroup;
			children = (
				278EC3C91E50B32600C8BF45 /* WeatherScreenResponseModelBuilder.swift */,
				278EC3BF1E508E0D00C8BF45 /* WeatherScreenResponseModel.swift */,
			);
			name = Models;
			sourceTree = "<group>";
		};
		278EC3CB1E50CAE000C8BF45 /* General Protocols */ = {
			isa = PBXGroup;
			children = (
				278EC3CC1E50CB0100C8BF45 /* ErrorShowable.swift */,
			);
			name = "General Protocols";
			sourceTree = "<group>";
		};
/* End PBXGroup section */

/* Begin PBXNativeTarget section */
		271B99681E4E66D90078D854 /* WeatherApp */ = {
			isa = PBXNativeTarget;
			buildConfigurationList = 271B997B1E4E66D90078D854 /* Build configuration list for PBXNativeTarget "WeatherApp" */;
			buildPhases = (
				271B99651E4E66D90078D854 /* Sources */,
				271B99661E4E66D90078D854 /* Frameworks */,
				271B99671E4E66D90078D854 /* Resources */,
			);
			buildRules = (
			);
			dependencies = (
			);
			name = WeatherApp;
			productName = WeatherApp;
			productReference = 271B99691E4E66D90078D854 /* WeatherApp.app */;
			productType = "com.apple.product-type.application";
		};
/* End PBXNativeTarget section */

/* Begin PBXProject section */
		271B99611E4E66D90078D854 /* Project object */ = {
			isa = PBXProject;
			attributes = {
				LastSwiftUpdateCheck = 0820;
				LastUpgradeCheck = 0820;
				ORGANIZATIONNAME = "Yarik Arsenkin";
				TargetAttributes = {
					271B99681E4E66D90078D854 = {
						CreatedOnToolsVersion = 8.2.1;
						DevelopmentTeam = B7LBN3YR79;
						ProvisioningStyle = Automatic;
					};
				};
			};
			buildConfigurationList = 271B99641E4E66D90078D854 /* Build configuration list for PBXProject "WeatherApp" */;
			compatibilityVersion = "Xcode 3.2";
			developmentRegion = English;
			hasScannedForEncodings = 0;
			knownRegions = (
				en,
				Base,
			);
			mainGroup = 271B99601E4E66D90078D854;
			productRefGroup = 271B996A1E4E66D90078D854 /* Products */;
			projectDirPath = "";
			projectRoot = "";
			targets = (
				271B99681E4E66D90078D854 /* WeatherApp */,
			);
		};
/* End PBXProject section */

/* Begin PBXResourcesBuildPhase section */
		271B99671E4E66D90078D854 /* Resources */ = {
			isa = PBXResourcesBuildPhase;
			buildActionMask = 2147483647;
			files = (
				271B99771E4E66D90078D854 /* LaunchScreen.storyboard in Resources */,
				271B99741E4E66D90078D854 /* Assets.xcassets in Resources */,
			);
			runOnlyForDeploymentPostprocessing = 0;
		};
/* End PBXResourcesBuildPhase section */

/* Begin PBXSourcesBuildPhase section */
		271B99651E4E66D90078D854 /* Sources */ = {
			isa = PBXSourcesBuildPhase;
			buildActionMask = 2147483647;
			files = (
				278EC3C81E509A8300C8BF45 /* WeatherAPIService.swift in Sources */,
				271B998F1E4FBD590078D854 /* WeatherScreenWireframe.swift in Sources */,
				271B998D1E4FBBBE0078D854 /* WorkDispatchService.swift in Sources */,
				278EC3CD1E50CB0100C8BF45 /* ErrorShowable.swift in Sources */,
				278EC3C01E508E0D00C8BF45 /* WeatherScreenResponseModel.swift in Sources */,
				278EC3BE1E508A8C00C8BF45 /* WeatherScreenDispatcher.swift in Sources */,
				271B99871E4FB7290078D854 /* WeatherScreenBuilder.swift in Sources */,
				271B99831E4FB6450078D854 /* RootWireframe.swift in Sources */,
				278EC3C41E508F7600C8BF45 /* WeatherScreenViewModel.swift in Sources */,
				278EC3C61E508F9A00C8BF45 /* WeatherScreenViewModelBuilder.swift in Sources */,
				278EC3CA1E50B32600C8BF45 /* WeatherScreenResponseModelBuilder.swift in Sources */,
				271B99851E4FB70F0078D854 /* WeatherScreenInteractor.swift in Sources */,
				271B996D1E4E66D90078D854 /* AppDelegate.swift in Sources */,
				271B99961E4FC72A0078D854 /* UIView+constraintHelpers.swift in Sources */,
				271B99891E4FB77A0078D854 /* WeatherScreenProtocols.swift in Sources */,
				271B99911E4FBD7A0078D854 /* WeatherScreenPresenter.swift in Sources */,
				271B99931E4FBD900078D854 /* WeatherScreenViewController.swift in Sources */,
			);
			runOnlyForDeploymentPostprocessing = 0;
		};
/* End PBXSourcesBuildPhase section */

/* Begin PBXVariantGroup section */
		271B99751E4E66D90078D854 /* LaunchScreen.storyboard */ = {
			isa = PBXVariantGroup;
			children = (
				271B99761E4E66D90078D854 /* Base */,
			);
			name = LaunchScreen.storyboard;
			sourceTree = "<group>";
		};
/* End PBXVariantGroup section */

/* Begin XCBuildConfiguration section */
		271B99791E4E66D90078D854 /* Debug */ = {
			isa = XCBuildConfiguration;
			buildSettings = {
				ALWAYS_SEARCH_USER_PATHS = NO;
				CLANG_ANALYZER_NONNULL = YES;
				CLANG_CXX_LANGUAGE_STANDARD = "gnu++0x";
				CLANG_CXX_LIBRARY = "libc++";
				CLANG_ENABLE_MODULES = YES;
				CLANG_ENABLE_OBJC_ARC = YES;
				CLANG_WARN_BOOL_CONVERSION = YES;
				CLANG_WARN_CONSTANT_CONVERSION = YES;
				CLANG_WARN_DIRECT_OBJC_ISA_USAGE = YES_ERROR;
				CLANG_WARN_DOCUMENTATION_COMMENTS = YES;
				CLANG_WARN_EMPTY_BODY = YES;
				CLANG_WARN_ENUM_CONVERSION = YES;
				CLANG_WARN_INFINITE_RECURSION = YES;
				CLANG_WARN_INT_CONVERSION = YES;
				CLANG_WARN_OBJC_ROOT_CLASS = YES_ERROR;
				CLANG_WARN_SUSPICIOUS_MOVE = YES;
				CLANG_WARN_UNREACHABLE_CODE = YES;
				CLANG_WARN__DUPLICATE_METHOD_MATCH = YES;
				"CODE_SIGN_IDENTITY[sdk=iphoneos*]" = "iPhone Developer";
				COPY_PHASE_STRIP = NO;
				DEBUG_INFORMATION_FORMAT = dwarf;
				ENABLE_STRICT_OBJC_MSGSEND = YES;
				ENABLE_TESTABILITY = YES;
				GCC_C_LANGUAGE_STANDARD = gnu99;
				GCC_DYNAMIC_NO_PIC = NO;
				GCC_NO_COMMON_BLOCKS = YES;
				GCC_OPTIMIZATION_LEVEL = 0;
				GCC_PREPROCESSOR_DEFINITIONS = (
					"DEBUG=1",
					"$(inherited)",
				);
				GCC_WARN_64_TO_32_BIT_CONVERSION = YES;
				GCC_WARN_ABOUT_RETURN_TYPE = YES_ERROR;
				GCC_WARN_UNDECLARED_SELECTOR = YES;
				GCC_WARN_UNINITIALIZED_AUTOS = YES_AGGRESSIVE;
				GCC_WARN_UNUSED_FUNCTION = YES;
				GCC_WARN_UNUSED_VARIABLE = YES;
				IPHONEOS_DEPLOYMENT_TARGET = 10.2;
				MTL_ENABLE_DEBUG_INFO = YES;
				ONLY_ACTIVE_ARCH = YES;
				SDKROOT = iphoneos;
				SWIFT_ACTIVE_COMPILATION_CONDITIONS = DEBUG;
				SWIFT_OPTIMIZATION_LEVEL = "-Onone";
				TARGETED_DEVICE_FAMILY = "1,2";
			};
			name = Debug;
		};
		271B997A1E4E66D90078D854 /* Release */ = {
			isa = XCBuildConfiguration;
			buildSettings = {
				ALWAYS_SEARCH_USER_PATHS = NO;
				CLANG_ANALYZER_NONNULL = YES;
				CLANG_CXX_LANGUAGE_STANDARD = "gnu++0x";
				CLANG_CXX_LIBRARY = "libc++";
				CLANG_ENABLE_MODULES = YES;
				CLANG_ENABLE_OBJC_ARC = YES;
				CLANG_WARN_BOOL_CONVERSION = YES;
				CLANG_WARN_CONSTANT_CONVERSION = YES;
				CLANG_WARN_DIRECT_OBJC_ISA_USAGE = YES_ERROR;
				CLANG_WARN_DOCUMENTATION_COMMENTS = YES;
				CLANG_WARN_EMPTY_BODY = YES;
				CLANG_WARN_ENUM_CONVERSION = YES;
				CLANG_WARN_INFINITE_RECURSION = YES;
				CLANG_WARN_INT_CONVERSION = YES;
				CLANG_WARN_OBJC_ROOT_CLASS = YES_ERROR;
				CLANG_WARN_SUSPICIOUS_MOVE = YES;
				CLANG_WARN_UNREACHABLE_CODE = YES;
				CLANG_WARN__DUPLICATE_METHOD_MATCH = YES;
				"CODE_SIGN_IDENTITY[sdk=iphoneos*]" = "iPhone Developer";
				COPY_PHASE_STRIP = NO;
				DEBUG_INFORMATION_FORMAT = "dwarf-with-dsym";
				ENABLE_NS_ASSERTIONS = NO;
				ENABLE_STRICT_OBJC_MSGSEND = YES;
				GCC_C_LANGUAGE_STANDARD = gnu99;
				GCC_NO_COMMON_BLOCKS = YES;
				GCC_WARN_64_TO_32_BIT_CONVERSION = YES;
				GCC_WARN_ABOUT_RETURN_TYPE = YES_ERROR;
				GCC_WARN_UNDECLARED_SELECTOR = YES;
				GCC_WARN_UNINITIALIZED_AUTOS = YES_AGGRESSIVE;
				GCC_WARN_UNUSED_FUNCTION = YES;
				GCC_WARN_UNUSED_VARIABLE = YES;
				IPHONEOS_DEPLOYMENT_TARGET = 10.2;
				MTL_ENABLE_DEBUG_INFO = NO;
				SDKROOT = iphoneos;
				SWIFT_OPTIMIZATION_LEVEL = "-Owholemodule";
				TARGETED_DEVICE_FAMILY = "1,2";
				VALIDATE_PRODUCT = YES;
			};
			name = Release;
		};
		271B997C1E4E66D90078D854 /* Debug */ = {
			isa = XCBuildConfiguration;
			buildSettings = {
				ASSETCATALOG_COMPILER_APPICON_NAME = AppIcon;
				DEVELOPMENT_TEAM = B7LBN3YR79;
				INFOPLIST_FILE = WeatherApp/Info.plist;
				LD_RUNPATH_SEARCH_PATHS = "$(inherited) @executable_path/Frameworks";
				PRODUCT_BUNDLE_IDENTIFIER = com.arsenkin.WeatherApp;
				PRODUCT_NAME = "$(TARGET_NAME)";
				SWIFT_VERSION = 3.0;
			};
			name = Debug;
		};
		271B997D1E4E66D90078D854 /* Release */ = {
			isa = XCBuildConfiguration;
			buildSettings = {
				ASSETCATALOG_COMPILER_APPICON_NAME = AppIcon;
				DEVELOPMENT_TEAM = B7LBN3YR79;
				INFOPLIST_FILE = WeatherApp/Info.plist;
				LD_RUNPATH_SEARCH_PATHS = "$(inherited) @executable_path/Frameworks";
				PRODUCT_BUNDLE_IDENTIFIER = com.arsenkin.WeatherApp;
				PRODUCT_NAME = "$(TARGET_NAME)";
				SWIFT_VERSION = 3.0;
			};
			name = Release;
		};
/* End XCBuildConfiguration section */

/* Begin XCConfigurationList section */
		271B99641E4E66D90078D854 /* Build configuration list for PBXProject "WeatherApp" */ = {
			isa = XCConfigurationList;
			buildConfigurations = (
				271B99791E4E66D90078D854 /* Debug */,
				271B997A1E4E66D90078D854 /* Release */,
			);
			defaultConfigurationIsVisible = 0;
			defaultConfigurationName = Release;
		};
		271B997B1E4E66D90078D854 /* Build configuration list for PBXNativeTarget "WeatherApp" */ = {
			isa = XCConfigurationList;
			buildConfigurations = (
				271B997C1E4E66D90078D854 /* Debug */,
				271B997D1E4E66D90078D854 /* Release */,
			);
			defaultConfigurationIsVisible = 0;
			defaultConfigurationName = Release;
		};
/* End XCConfigurationList section */
	};
	rootObject = 271B99611E4E66D90078D854 /* Project object */;
}
